<?xml version="1.0" encoding="utf-8"?>
<Project ToolsVersion="4.0" xmlns="http://schemas.microsoft.com/developer/msbuild/2003">
  <ItemGroup>
    <Filter Include="ソース ファイル">
      <UniqueIdentifier>{4FC737F1-C7A5-4376-A066-2A32D752A2FF}</UniqueIdentifier>
      <Extensions>cpp;c;cc;cxx;def;odl;idl;hpj;bat;asm;asmx</Extensions>
    </Filter>
    <Filter Include="リソース ファイル">
      <UniqueIdentifier>{67DA6AB6-F800-4c08-8B7A-83BB121AAD01}</UniqueIdentifier>
      <Extensions>rc;ico;cur;bmp;dlg;rc2;rct;bin;rgs;gif;jpg;jpeg;jpe;resx;tiff;tif;png;wav;mfcribbon-ms</Extensions>
    </Filter>
    <Filter Include="シェーダーファイル">
      <UniqueIdentifier>{1a342e30-d29b-446c-8dba-96e729d21cf5}</UniqueIdentifier>
    </Filter>
    <Filter Include="ソース ファイル\game_object">
      <UniqueIdentifier>{ac4276b5-f3e3-4734-be8e-2661d89a827c}</UniqueIdentifier>
    </Filter>
    <Filter Include="ソース ファイル\system">
      <UniqueIdentifier>{e2ab4312-058b-4e8c-babc-535b4badd37d}</UniqueIdentifier>
    </Filter>
    <Filter Include="ソース ファイル\Scene">
      <UniqueIdentifier>{a3a81c20-edc8-4107-b786-64f048398cb7}</UniqueIdentifier>
    </Filter>
    <Filter Include="ソース ファイル\game_object\player">
      <UniqueIdentifier>{54b3f55a-724b-42af-bd14-bc95a46b9fd3}</UniqueIdentifier>
    </Filter>
    <Filter Include="ソース ファイル\Scene\scene_inheritance">
      <UniqueIdentifier>{2258f1d7-3e09-4808-99ea-74586eb284c7}</UniqueIdentifier>
    </Filter>
    <Filter Include="imGui">
      <UniqueIdentifier>{851da4df-d380-4248-94e5-c2bd8d17769c}</UniqueIdentifier>
    </Filter>
    <Filter Include="ソース ファイル\game_object\enemy">
      <UniqueIdentifier>{94cd01af-ef07-4c5f-ad8f-b1d3c533fb0e}</UniqueIdentifier>
    </Filter>
  </ItemGroup>
  <ItemGroup>
    <ClInclude Include="manager.h">
      <Filter>ソース ファイル\system</Filter>
    </ClInclude>
    <ClInclude Include="main.h">
      <Filter>ソース ファイル\system</Filter>
    </ClInclude>
    <ClInclude Include="gameObject.h">
      <Filter>ソース ファイル\game_object</Filter>
    </ClInclude>
    <ClInclude Include="model.h">
      <Filter>ソース ファイル</Filter>
    </ClInclude>
    <ClInclude Include="bullet.h">
      <Filter>ソース ファイル\game_object</Filter>
    </ClInclude>
    <ClInclude Include="camera.h">
      <Filter>ソース ファイル\game_object</Filter>
    </ClInclude>
    <ClInclude Include="field.h">
      <Filter>ソース ファイル\game_object</Filter>
    </ClInclude>
    <ClInclude Include="polygon2D.h">
      <Filter>ソース ファイル\game_object</Filter>
    </ClInclude>
    <ClInclude Include="wall.h">
      <Filter>ソース ファイル\game_object</Filter>
    </ClInclude>
    <ClInclude Include="scene.h">
      <Filter>ソース ファイル\Scene</Filter>
    </ClInclude>
    <ClInclude Include="renderer.h">
      <Filter>ソース ファイル\system</Filter>
    </ClInclude>
    <ClInclude Include="singleton.h">
      <Filter>ソース ファイル\system</Filter>
    </ClInclude>
    <ClInclude Include="sprite.h">
      <Filter>ソース ファイル</Filter>
    </ClInclude>
    <ClInclude Include="texture.h">
      <Filter>ソース ファイル</Filter>
    </ClInclude>
    <ClInclude Include="keyboard.h">
      <Filter>ソース ファイル\system</Filter>
    </ClInclude>
    <ClInclude Include="keylogger.h">
      <Filter>ソース ファイル\system</Filter>
    </ClInclude>
    <ClInclude Include="shaderManager.h">
      <Filter>ソース ファイル\system</Filter>
    </ClInclude>
    <ClInclude Include="resource.h">
      <Filter>ソース ファイル\system</Filter>
    </ClInclude>
    <ClInclude Include="billboard.h">
      <Filter>ソース ファイル\game_object</Filter>
    </ClInclude>
    <ClInclude Include="explosion.h">
      <Filter>ソース ファイル\game_object</Filter>
    </ClInclude>
    <ClInclude Include="sky.h">
      <Filter>ソース ファイル\game_object</Filter>
    </ClInclude>
    <ClInclude Include="rock.h">
      <Filter>ソース ファイル\game_object</Filter>
    </ClInclude>
    <ClInclude Include="player.h">
      <Filter>ソース ファイル\game_object\player</Filter>
    </ClInclude>
    <ClInclude Include="playerState.h">
      <Filter>ソース ファイル\game_object\player</Filter>
    </ClInclude>
    <ClInclude Include="game.h">
      <Filter>ソース ファイル\Scene\scene_inheritance</Filter>
    </ClInclude>
    <ClInclude Include="result.h">
      <Filter>ソース ファイル\Scene\scene_inheritance</Filter>
    </ClInclude>
    <ClInclude Include="title.h">
      <Filter>ソース ファイル\Scene\scene_inheritance</Filter>
    </ClInclude>
    <ClInclude Include="titleLogo.h">
      <Filter>ソース ファイル\game_object</Filter>
    </ClInclude>
    <ClInclude Include="primitive.h">
      <Filter>ソース ファイル\system</Filter>
    </ClInclude>
    <ClInclude Include="obb.h">
      <Filter>ソース ファイル\system</Filter>
    </ClInclude>
    <ClInclude Include="audio.h">
      <Filter>ソース ファイル\system</Filter>
    </ClInclude>
    <ClInclude Include="trunk.h">
      <Filter>ソース ファイル\game_object</Filter>
    </ClInclude>
    <ClInclude Include="resultLogo.h">
      <Filter>ソース ファイル\game_object</Filter>
    </ClInclude>
    <ClInclude Include="katana.h">
      <Filter>ソース ファイル\game_object</Filter>
    </ClInclude>
    <ClInclude Include="state.h">
      <Filter>ソース ファイル</Filter>
    </ClInclude>
    <ClInclude Include="weapon.h">
      <Filter>ソース ファイル</Filter>
    </ClInclude>
    <ClInclude Include="wood.h">
      <Filter>ソース ファイル\game_object</Filter>
    </ClInclude>
    <ClInclude Include="fade.h">
      <Filter>ソース ファイル\game_object</Filter>
    </ClInclude>
    <ClInclude Include="pressSpaceKey.h">
      <Filter>ソース ファイル\game_object</Filter>
    </ClInclude>
    <ClInclude Include="animationModel.h">
      <Filter>ソース ファイル</Filter>
    </ClInclude>
    <ClInclude Include="fbxMesh.h">
      <Filter>ソース ファイル</Filter>
    </ClInclude>
    <ClInclude Include="meshField.h">
      <Filter>ソース ファイル\game_object</Filter>
    </ClInclude>
    <ClInclude Include="input.h">
      <Filter>ソース ファイル\system</Filter>
    </ClInclude>
    <ClInclude Include="debugLog.h">
      <Filter>ソース ファイル\system</Filter>
    </ClInclude>
    <ClInclude Include="imgui\imgui_impl_dx11.h">
      <Filter>imGui</Filter>
    </ClInclude>
    <ClInclude Include="imgui\imgui.h">
      <Filter>imGui</Filter>
    </ClInclude>
    <ClInclude Include="imgui\imconfig.h">
      <Filter>imGui</Filter>
    </ClInclude>
    <ClInclude Include="imgui\imgui_impl_win32.h">
      <Filter>imGui</Filter>
    </ClInclude>
    <ClInclude Include="imgui\imgui_internal.h">
      <Filter>imGui</Filter>
    </ClInclude>
    <ClInclude Include="imgui\imstb_textedit.h">
      <Filter>imGui</Filter>
    </ClInclude>
    <ClInclude Include="imgui\imstb_rectpack.h">
      <Filter>imGui</Filter>
    </ClInclude>
    <ClInclude Include="imgui\imstb_truetype.h">
      <Filter>imGui</Filter>
    </ClInclude>
    <ClInclude Include="myImGui.h">
      <Filter>imGui</Filter>
    </ClInclude>
    <ClInclude Include="debugCamera.h">
      <Filter>ソース ファイル\game_object</Filter>
    </ClInclude>
    <ClInclude Include="enemyState.h">
      <Filter>ソース ファイル\game_object\enemy</Filter>
    </ClInclude>
    <ClInclude Include="enemy.h">
      <Filter>ソース ファイル\game_object\enemy</Filter>
    </ClInclude>
    <ClInclude Include="enemyGui.h">
      <Filter>ソース ファイル\game_object\enemy</Filter>
    </ClInclude>
  </ItemGroup>
  <ItemGroup>
    <ClCompile Include="model.cpp">
      <Filter>ソース ファイル</Filter>
    </ClCompile>
    <ClCompile Include="bullet.cpp">
      <Filter>ソース ファイル\game_object</Filter>
    </ClCompile>
    <ClCompile Include="field.cpp">
      <Filter>ソース ファイル\game_object</Filter>
    </ClCompile>
    <ClCompile Include="polygon2D.cpp">
      <Filter>ソース ファイル\game_object</Filter>
    </ClCompile>
    <ClCompile Include="wall.cpp">
      <Filter>ソース ファイル\game_object</Filter>
    </ClCompile>
    <ClCompile Include="main.cpp">
      <Filter>ソース ファイル\system</Filter>
    </ClCompile>
    <ClCompile Include="manager.cpp">
      <Filter>ソース ファイル\system</Filter>
    </ClCompile>
    <ClCompile Include="renderer.cpp">
      <Filter>ソース ファイル\system</Filter>
    </ClCompile>
    <ClCompile Include="singleton.cpp">
      <Filter>ソース ファイル\system</Filter>
    </ClCompile>
    <ClCompile Include="texture.cpp">
      <Filter>ソース ファイル</Filter>
    </ClCompile>
    <ClCompile Include="camera.cpp">
      <Filter>ソース ファイル\game_object</Filter>
    </ClCompile>
    <ClCompile Include="keylogger.cpp">
      <Filter>ソース ファイル\system</Filter>
    </ClCompile>
    <ClCompile Include="keyboard.cpp">
      <Filter>ソース ファイル\system</Filter>
    </ClCompile>
    <ClCompile Include="shaderManager.cpp">
      <Filter>ソース ファイル\system</Filter>
    </ClCompile>
    <ClCompile Include="sprite.cpp">
      <Filter>ソース ファイル\system</Filter>
    </ClCompile>
    <ClCompile Include="resource.cpp">
      <Filter>ソース ファイル\system</Filter>
    </ClCompile>
    <ClCompile Include="billboard.cpp">
      <Filter>ソース ファイル\game_object</Filter>
    </ClCompile>
    <ClCompile Include="explosion.cpp">
      <Filter>ソース ファイル\game_object</Filter>
    </ClCompile>
    <ClCompile Include="sky.cpp">
      <Filter>ソース ファイル\game_object</Filter>
    </ClCompile>
    <ClCompile Include="rock.cpp">
      <Filter>ソース ファイル\game_object</Filter>
    </ClCompile>
    <ClCompile Include="player.cpp">
      <Filter>ソース ファイル\game_object\player</Filter>
    </ClCompile>
    <ClCompile Include="playerState.cpp">
      <Filter>ソース ファイル\game_object\player</Filter>
    </ClCompile>
    <ClCompile Include="game.cpp">
      <Filter>ソース ファイル\Scene\scene_inheritance</Filter>
    </ClCompile>
    <ClCompile Include="result.cpp">
      <Filter>ソース ファイル\Scene\scene_inheritance</Filter>
    </ClCompile>
    <ClCompile Include="title.cpp">
      <Filter>ソース ファイル\Scene\scene_inheritance</Filter>
    </ClCompile>
    <ClCompile Include="titleLogo.cpp">
      <Filter>ソース ファイル\game_object</Filter>
    </ClCompile>
    <ClCompile Include="obb.cpp">
      <Filter>ソース ファイル\system</Filter>
    </ClCompile>
    <ClCompile Include="audio.cpp">
      <Filter>ソース ファイル\system</Filter>
    </ClCompile>
    <ClCompile Include="resultLogo.cpp">
      <Filter>ソース ファイル\game_object</Filter>
    </ClCompile>
    <ClCompile Include="katana.cpp">
      <Filter>ソース ファイル\game_object</Filter>
    </ClCompile>
    <ClCompile Include="weapon.cpp">
      <Filter>ソース ファイル</Filter>
    </ClCompile>
    <ClCompile Include="wood.cpp">
      <Filter>ソース ファイル\game_object</Filter>
    </ClCompile>
    <ClCompile Include="fade.cpp">
      <Filter>ソース ファイル\game_object</Filter>
    </ClCompile>
    <ClCompile Include="pressSpaceKey.cpp">
      <Filter>ソース ファイル\game_object</Filter>
    </ClCompile>
    <ClCompile Include="animationModel.cpp">
      <Filter>ソース ファイル</Filter>
    </ClCompile>
    <ClCompile Include="fbxMesh.cpp">
      <Filter>ソース ファイル</Filter>
    </ClCompile>
    <ClCompile Include="meshField.cpp">
      <Filter>ソース ファイル\game_object</Filter>
    </ClCompile>
    <ClCompile Include="input.cpp">
      <Filter>ソース ファイル\system</Filter>
    </ClCompile>
    <ClCompile Include="imgui\imgui_impl_dx11.cpp">
      <Filter>imGui</Filter>
    </ClCompile>
    <ClCompile Include="imgui\imgui.cpp">
      <Filter>imGui</Filter>
    </ClCompile>
    <ClCompile Include="imgui\imgui_impl_win32.cpp">
      <Filter>imGui</Filter>
    </ClCompile>
    <ClCompile Include="imgui\imgui_draw.cpp">
      <Filter>imGui</Filter>
    </ClCompile>
    <ClCompile Include="imgui\imgui_demo.cpp">
      <Filter>imGui</Filter>
    </ClCompile>
    <ClCompile Include="imgui\imgui_widgets.cpp">
      <Filter>imGui</Filter>
    </ClCompile>
    <ClCompile Include="imgui\imgui_tables.cpp">
      <Filter>imGui</Filter>
    </ClCompile>
    <ClCompile Include="debugCamera.cpp">
      <Filter>ソース ファイル\game_object</Filter>
    </ClCompile>
    <ClCompile Include="myImGui.cpp">
      <Filter>imGui</Filter>
    </ClCompile>
    <ClCompile Include="enemyState.cpp">
      <Filter>ソース ファイル\game_object\enemy</Filter>
    </ClCompile>
    <ClCompile Include="enemy.cpp">
      <Filter>ソース ファイル\game_object\enemy</Filter>
    </ClCompile>
    <ClCompile Include="enemyGui.cpp">
      <Filter>ソース ファイル\game_object\enemy</Filter>
    </ClCompile>
  </ItemGroup>
  <ItemGroup>
    <FxCompile Include="common.hlsl">
      <Filter>シェーダーファイル</Filter>
    </FxCompile>
    <FxCompile Include="unlitTextureVS.hlsl">
      <Filter>シェーダーファイル</Filter>
    </FxCompile>
    <FxCompile Include="vertexLightingPS.hlsl">
      <Filter>シェーダーファイル</Filter>
    </FxCompile>
    <FxCompile Include="vertexLightingVS.hlsl">
      <Filter>シェーダーファイル</Filter>
    </FxCompile>
    <FxCompile Include="LightingVoidPS.hlsl">
      <Filter>シェーダーファイル</Filter>
    </FxCompile>
    <FxCompile Include="unlitTexturePS.hlsl">
      <Filter>シェーダーファイル</Filter>
    </FxCompile>
    <FxCompile Include="pixelLightingRimPS.hlsl">
      <Filter>シェーダーファイル</Filter>
    </FxCompile>
    <FxCompile Include="pixelLightingVS.hlsl">
      <Filter>シェーダーファイル</Filter>
    </FxCompile>
    <FxCompile Include="pixelLightingPS.hlsl">
      <Filter>シェーダーファイル</Filter>
    </FxCompile>
  </ItemGroup>
</Project>